
Microsoft Visual Studio Solution File, Format Version 12.00
# Visual Studio Version 17
VisualStudioVersion = 17.7.34024.191
MinimumVisualStudioVersion = 10.0.40219.1
Project("{FAE04EC0-301F-11D3-BF4B-00C04F79EFBC}") = "SmartPhoneTechAdvisor", "SmartPhoneTechAdvisor\SmartPhoneTechAdvisor.csproj", "{36BE1501-9BEB-4D62-876D-D2E00D6A1325}"
EndProject
Global
	GlobalSection(SolutionConfigurationPlatforms) = preSolution
		Debug|Any CPU = Debug|Any CPU
		Release|Any CPU = Release|Any CPU
	EndGlobalSection
	GlobalSection(ProjectConfigurationPlatforms) = postSolution
		{36BE1501-9BEB-4D62-876D-D2E00D6A1325}.Debug|Any CPU.ActiveCfg = Debug|Any CPU
		{36BE1501-9BEB-4D62-876D-D2E00D6A1325}.Debug|Any CPU.Build.0 = Debug|Any CPU
		{36BE1501-9BEB-4D62-876D-D2E00D6A1325}.Release|Any CPU.ActiveCfg = Release|Any CPU
		{36BE1501-9BEB-4D62-876D-D2E00D6A1325}.Release|Any CPU.Build.0 = Release|Any CPU
	EndGlobalSection
	GlobalSection(SolutionProperties) = preSolution
		HideSolutionNode = FALSE
	EndGlobalSection
	GlobalSection(ExtensibilityGlobals) = postSolution
		SolutionGuid = {049B6DEF-64D9-4E55-BA21-B81291F851F9}
	EndGlobalSection
EndGlobal
